{
  "name": "@firstpick/pi-extension-grill-me",
  "version": "0.1.5",
  "lockfileVersion": 3,
  "requires": true,
  "packages": {
    "": {
      "name": "@firstpick/pi-extension-grill-me",
      "version": "0.1.5",
      "bundleDependencies": [
        "@firstpick/pi-package-questionnaire"
      ],
      "license": "MIT",
      "dependencies": {
        "@firstpick/pi-package-questionnaire": "0.1.1"
      },
      "engines": {
        "node": ">=22.19.0"
      },
      "peerDependencies": {
        "@earendil-works/pi-coding-agent": "*",
        "typebox": "*"
      }
    },
    "node_modules/@firstpick/pi-package-questionnaire": {
      "version": "0.1.1",
      "resolved": "https://registry.npmjs.org/@firstpick/pi-package-questionnaire/-/pi-package-questionnaire-0.1.1.tgz",
      "integrity": "sha512-LFcZPhCNLQLhrICjo1fr5rGlUUl1uJx9f1KIbCbkCABDnlMPsSbdZehvGgyDZ6hbyga5INegdWqhYzh8rqfl+w==",
      "inBundle": true,
      "license": "MIT",
      "engines": {
        "node": ">=22.19.0"
      },
      "peerDependencies": {
        "@earendil-works/pi-coding-agent": "*",
        "typebox": "*"
      }
    }
  }
}
